
Microsoft Visual Studio Solution File, Format Version 12.00
# Visual Studio Version 17
VisualStudioVersion = 17.6.33815.320
MinimumVisualStudioVersion = 10.0.40219.1
Project("{9A19103F-16F7-4668-BE54-9A1E7A4F7556}") = "mainWin", "mainWin\mainWin.csproj", "{31BCE2AE-DD99-45CF-BA10-CAA967C36579}"
EndProject
Project("{54435603-DBB4-11D2-8724-00A0C9A8B90C}") = "Instalador", "Instalador\Instalador.vdproj", "{91909F8E-4794-44CC-B9B8-187E260EDADF}"
EndProject
Project("{7CF6DF6D-3B04-46F8-A40B-537D21BCA0B4}") = "Documentacion", "Documentacion\Documentacion.shfbproj", "{0D287371-96F3-4A17-8A9D-A8B3ACE53BC9}"
EndProject
Global
	GlobalSection(SolutionConfigurationPlatforms) = preSolution
		All|Any CPU = All|Any CPU
		All|ARM = All|ARM
		All|ARM64 = All|ARM64
		All|x64 = All|x64
		All|x86 = All|x86
		Debug|Any CPU = Debug|Any CPU
		Debug|ARM = Debug|ARM
		Debug|ARM64 = Debug|ARM64
		Debug|x64 = Debug|x64
		Debug|x86 = Debug|x86
		Release|Any CPU = Release|Any CPU
		Release|ARM = Release|ARM
		Release|ARM64 = Release|ARM64
		Release|x64 = Release|x64
		Release|x86 = Release|x86
	EndGlobalSection
	GlobalSection(ProjectConfigurationPlatforms) = postSolution
		{31BCE2AE-DD99-45CF-BA10-CAA967C36579}.All|Any CPU.ActiveCfg = Release|Any CPU
		{31BCE2AE-DD99-45CF-BA10-CAA967C36579}.All|Any CPU.Build.0 = Release|Any CPU
		{31BCE2AE-DD99-45CF-BA10-CAA967C36579}.All|ARM.ActiveCfg = Release|Any CPU
		{31BCE2AE-DD99-45CF-BA10-CAA967C36579}.All|ARM.Build.0 = Release|Any CPU
		{31BCE2AE-DD99-45CF-BA10-CAA967C36579}.All|ARM64.ActiveCfg = Release|Any CPU
		{31BCE2AE-DD99-45CF-BA10-CAA967C36579}.All|ARM64.Build.0 = Release|Any CPU
		{31BCE2AE-DD99-45CF-BA10-CAA967C36579}.All|x64.ActiveCfg = Debug|x64
		{31BCE2AE-DD99-45CF-BA10-CAA967C36579}.All|x64.Build.0 = Debug|x64
		{31BCE2AE-DD99-45CF-BA10-CAA967C36579}.All|x86.ActiveCfg = Release|Any CPU
		{31BCE2AE-DD99-45CF-BA10-CAA967C36579}.All|x86.Build.0 = Release|Any CPU
		{31BCE2AE-DD99-45CF-BA10-CAA967C36579}.Debug|Any CPU.ActiveCfg = Debug|Any CPU
		{31BCE2AE-DD99-45CF-BA10-CAA967C36579}.Debug|Any CPU.Build.0 = Debug|Any CPU
		{31BCE2AE-DD99-45CF-BA10-CAA967C36579}.Debug|ARM.ActiveCfg = Debug|Any CPU
		{31BCE2AE-DD99-45CF-BA10-CAA967C36579}.Debug|ARM.Build.0 = Debug|Any CPU
		{31BCE2AE-DD99-45CF-BA10-CAA967C36579}.Debug|ARM64.ActiveCfg = Debug|Any CPU
		{31BCE2AE-DD99-45CF-BA10-CAA967C36579}.Debug|ARM64.Build.0 = Debug|Any CPU
		{31BCE2AE-DD99-45CF-BA10-CAA967C36579}.Debug|x64.ActiveCfg = Debug|Any CPU
		{31BCE2AE-DD99-45CF-BA10-CAA967C36579}.Debug|x64.Build.0 = Debug|Any CPU
		{31BCE2AE-DD99-45CF-BA10-CAA967C36579}.Debug|x86.ActiveCfg = Debug|Any CPU
		{31BCE2AE-DD99-45CF-BA10-CAA967C36579}.Debug|x86.Build.0 = Debug|Any CPU
		{31BCE2AE-DD99-45CF-BA10-CAA967C36579}.Release|Any CPU.ActiveCfg = Release|Any CPU
		{31BCE2AE-DD99-45CF-BA10-CAA967C36579}.Release|Any CPU.Build.0 = Release|Any CPU
		{31BCE2AE-DD99-45CF-BA10-CAA967C36579}.Release|ARM.ActiveCfg = Release|Any CPU
		{31BCE2AE-DD99-45CF-BA10-CAA967C36579}.Release|ARM.Build.0 = Release|Any CPU
		{31BCE2AE-DD99-45CF-BA10-CAA967C36579}.Release|ARM64.ActiveCfg = Release|Any CPU
		{31BCE2AE-DD99-45CF-BA10-CAA967C36579}.Release|ARM64.Build.0 = Release|Any CPU
		{31BCE2AE-DD99-45CF-BA10-CAA967C36579}.Release|x64.ActiveCfg = Release|Any CPU
		{31BCE2AE-DD99-45CF-BA10-CAA967C36579}.Release|x64.Build.0 = Release|Any CPU
		{31BCE2AE-DD99-45CF-BA10-CAA967C36579}.Release|x86.ActiveCfg = Release|Any CPU
		{31BCE2AE-DD99-45CF-BA10-CAA967C36579}.Release|x86.Build.0 = Release|Any CPU
		{91909F8E-4794-44CC-B9B8-187E260EDADF}.All|Any CPU.ActiveCfg = Debug
		{91909F8E-4794-44CC-B9B8-187E260EDADF}.All|ARM.ActiveCfg = Debug
		{91909F8E-4794-44CC-B9B8-187E260EDADF}.All|ARM64.ActiveCfg = Debug
		{91909F8E-4794-44CC-B9B8-187E260EDADF}.All|x64.ActiveCfg = Debug
		{91909F8E-4794-44CC-B9B8-187E260EDADF}.All|x86.ActiveCfg = Debug
		{91909F8E-4794-44CC-B9B8-187E260EDADF}.Debug|Any CPU.ActiveCfg = Debug
		{91909F8E-4794-44CC-B9B8-187E260EDADF}.Debug|ARM.ActiveCfg = Debug
		{91909F8E-4794-44CC-B9B8-187E260EDADF}.Debug|ARM64.ActiveCfg = Debug
		{91909F8E-4794-44CC-B9B8-187E260EDADF}.Debug|x64.ActiveCfg = Debug
		{91909F8E-4794-44CC-B9B8-187E260EDADF}.Debug|x86.ActiveCfg = Debug
		{91909F8E-4794-44CC-B9B8-187E260EDADF}.Release|Any CPU.ActiveCfg = Release
		{91909F8E-4794-44CC-B9B8-187E260EDADF}.Release|ARM.ActiveCfg = Release
		{91909F8E-4794-44CC-B9B8-187E260EDADF}.Release|ARM64.ActiveCfg = Release
		{91909F8E-4794-44CC-B9B8-187E260EDADF}.Release|x64.ActiveCfg = Release
		{91909F8E-4794-44CC-B9B8-187E260EDADF}.Release|x86.ActiveCfg = Release
		{0D287371-96F3-4A17-8A9D-A8B3ACE53BC9}.All|Any CPU.ActiveCfg = Debug|Any CPU
		{0D287371-96F3-4A17-8A9D-A8B3ACE53BC9}.All|Any CPU.Build.0 = Debug|Any CPU
		{0D287371-96F3-4A17-8A9D-A8B3ACE53BC9}.All|ARM.ActiveCfg = Debug|Any CPU
		{0D287371-96F3-4A17-8A9D-A8B3ACE53BC9}.All|ARM.Build.0 = Debug|Any CPU
		{0D287371-96F3-4A17-8A9D-A8B3ACE53BC9}.All|ARM64.ActiveCfg = Debug|Any CPU
		{0D287371-96F3-4A17-8A9D-A8B3ACE53BC9}.All|ARM64.Build.0 = Debug|Any CPU
		{0D287371-96F3-4A17-8A9D-A8B3ACE53BC9}.All|x64.ActiveCfg = Debug|Any CPU
		{0D287371-96F3-4A17-8A9D-A8B3ACE53BC9}.All|x64.Build.0 = Debug|Any CPU
		{0D287371-96F3-4A17-8A9D-A8B3ACE53BC9}.All|x86.ActiveCfg = Debug|Any CPU
		{0D287371-96F3-4A17-8A9D-A8B3ACE53BC9}.All|x86.Build.0 = Debug|Any CPU
		{0D287371-96F3-4A17-8A9D-A8B3ACE53BC9}.Debug|Any CPU.ActiveCfg = Debug|Any CPU
		{0D287371-96F3-4A17-8A9D-A8B3ACE53BC9}.Debug|Any CPU.Build.0 = Debug|Any CPU
		{0D287371-96F3-4A17-8A9D-A8B3ACE53BC9}.Debug|ARM.ActiveCfg = Debug|Any CPU
		{0D287371-96F3-4A17-8A9D-A8B3ACE53BC9}.Debug|ARM.Build.0 = Debug|Any CPU
		{0D287371-96F3-4A17-8A9D-A8B3ACE53BC9}.Debug|ARM64.ActiveCfg = Debug|Any CPU
		{0D287371-96F3-4A17-8A9D-A8B3ACE53BC9}.Debug|ARM64.Build.0 = Debug|Any CPU
		{0D287371-96F3-4A17-8A9D-A8B3ACE53BC9}.Debug|x64.ActiveCfg = Debug|Any CPU
		{0D287371-96F3-4A17-8A9D-A8B3ACE53BC9}.Debug|x64.Build.0 = Debug|Any CPU
		{0D287371-96F3-4A17-8A9D-A8B3ACE53BC9}.Debug|x86.ActiveCfg = Debug|Any CPU
		{0D287371-96F3-4A17-8A9D-A8B3ACE53BC9}.Debug|x86.Build.0 = Debug|Any CPU
		{0D287371-96F3-4A17-8A9D-A8B3ACE53BC9}.Release|Any CPU.ActiveCfg = Release|Any CPU
		{0D287371-96F3-4A17-8A9D-A8B3ACE53BC9}.Release|Any CPU.Build.0 = Release|Any CPU
		{0D287371-96F3-4A17-8A9D-A8B3ACE53BC9}.Release|ARM.ActiveCfg = Release|Any CPU
		{0D287371-96F3-4A17-8A9D-A8B3ACE53BC9}.Release|ARM.Build.0 = Release|Any CPU
		{0D287371-96F3-4A17-8A9D-A8B3ACE53BC9}.Release|ARM64.ActiveCfg = Release|Any CPU
		{0D287371-96F3-4A17-8A9D-A8B3ACE53BC9}.Release|ARM64.Build.0 = Release|Any CPU
		{0D287371-96F3-4A17-8A9D-A8B3ACE53BC9}.Release|x64.ActiveCfg = Release|Any CPU
		{0D287371-96F3-4A17-8A9D-A8B3ACE53BC9}.Release|x64.Build.0 = Release|Any CPU
		{0D287371-96F3-4A17-8A9D-A8B3ACE53BC9}.Release|x86.ActiveCfg = Release|Any CPU
		{0D287371-96F3-4A17-8A9D-A8B3ACE53BC9}.Release|x86.Build.0 = Release|Any CPU
	EndGlobalSection
	GlobalSection(SolutionProperties) = preSolution
		HideSolutionNode = FALSE
	EndGlobalSection
	GlobalSection(ExtensibilityGlobals) = postSolution
		SolutionGuid = {BF9C7BA3-196D-40A1-9B93-CEDED54A1A3A}
	EndGlobalSection
EndGlobal
